// !$*UTF8*$!
{
	archiveVersion = 1;
	classes = {
	};
	objectVersion = 50;
	objects = {

/* Begin PBXBuildFile section */
		3D17723D249019FC00D749E6 /* AppDelegate.swift in Sources */ = {isa = PBXBuildFile; fileRef = 3D17723C249019FC00D749E6 /* AppDelegate.swift */; };
		3D17723F249019FC00D749E6 /* SceneDelegate.swift in Sources */ = {isa = PBXBuildFile; fileRef = 3D17723E249019FC00D749E6 /* SceneDelegate.swift */; };
		3D177241249019FC00D749E6 /* ContentView.swift in Sources */ = {isa = PBXBuildFile; fileRef = 3D177240249019FC00D749E6 /* ContentView.swift */; };
		3D177243249019FE00D749E6 /* Assets.xcassets in Resources */ = {isa = PBXBuildFile; fileRef = 3D177242249019FE00D749E6 /* Assets.xcassets */; };
		3D177246249019FE00D749E6 /* Preview Assets.xcassets in Resources */ = {isa = PBXBuildFile; fileRef = 3D177245249019FE00D749E6 /* Preview Assets.xcassets */; };
		3D177249249019FE00D749E6 /* LaunchScreen.storyboard in Resources */ = {isa = PBXBuildFile; fileRef = 3D177247249019FE00D749E6 /* LaunchScreen.storyboard */; };
		3D17725524901A4300D749E6 /* Constants.swift in Sources */ = {isa = PBXBuildFile; fileRef = 3D17725424901A4300D749E6 /* Constants.swift */; };
		3D17725724901ACC00D749E6 /* NetworkManager.swift in Sources */ = {isa = PBXBuildFile; fileRef = 3D17725624901ACC00D749E6 /* NetworkManager.swift */; };
		3D19ECAC2496AD2A007AC30C /* WeatherInfo.swift in Sources */ = {isa = PBXBuildFile; fileRef = 3D19ECAB2496AD2A007AC30C /* WeatherInfo.swift */; };
		3D53D441249172B400B8BB9B /* LocationManager.swift in Sources */ = {isa = PBXBuildFile; fileRef = 3D53D440249172B400B8BB9B /* LocationManager.swift */; };
		3DD4C69A2497F07500619703 /* WeatherCardView.swift in Sources */ = {isa = PBXBuildFile; fileRef = 3DD4C6992497F07500619703 /* WeatherCardView.swift */; };
		3DF5CE542492C1E200482039 /* ViewModel.swift in Sources */ = {isa = PBXBuildFile; fileRef = 3DF5CE532492C1E200482039 /* ViewModel.swift */; };
		3DF5CE562493F26900482039 /* loading.json in Resources */ = {isa = PBXBuildFile; fileRef = 3DF5CE552493F26900482039 /* loading.json */; };
/* End PBXBuildFile section */

/* Begin PBXFileReference section */
		3D177239249019FC00D749E6 /* ShortsReport.app */ = {isa = PBXFileReference; explicitFileType = wrapper.application; includeInIndex = 0; path = ShortsReport.app; sourceTree = BUILT_PRODUCTS_DIR; };
		3D17723C249019FC00D749E6 /* AppDelegate.swift */ = {isa = PBXFileReference; lastKnownFileType = sourcecode.swift; path = AppDelegate.swift; sourceTree = "<group>"; };
		3D17723E249019FC00D749E6 /* SceneDelegate.swift */ = {isa = PBXFileReference; lastKnownFileType = sourcecode.swift; path = SceneDelegate.swift; sourceTree = "<group>"; };
		3D177240249019FC00D749E6 /* ContentView.swift */ = {isa = PBXFileReference; lastKnownFileType = sourcecode.swift; path = ContentView.swift; sourceTree = "<group>"; };
		3D177242249019FE00D749E6 /* Assets.xcassets */ = {isa = PBXFileReference; lastKnownFileType = folder.assetcatalog; path = Assets.xcassets; sourceTree = "<group>"; };
		3D177245249019FE00D749E6 /* Preview Assets.xcassets */ = {isa = PBXFileReference; lastKnownFileType = folder.assetcatalog; path = "Preview Assets.xcassets"; sourceTree = "<group>"; };
		3D177248249019FE00D749E6 /* Base */ = {isa = PBXFileReference; lastKnownFileType = file.storyboard; name = Base; path = Base.lproj/LaunchScreen.storyboard; sourceTree = "<group>"; };
		3D17724A249019FE00D749E6 /* Info.plist */ = {isa = PBXFileReference; lastKnownFileType = text.plist.xml; path = Info.plist; sourceTree = "<group>"; };
		3D17725424901A4300D749E6 /* Constants.swift */ = {isa = PBXFileReference; lastKnownFileType = sourcecode.swift; path = Constants.swift; sourceTree = "<group>"; };
		3D17725624901ACC00D749E6 /* NetworkManager.swift */ = {isa = PBXFileReference; lastKnownFileType = sourcecode.swift; path = NetworkManager.swift; sourceTree = "<group>"; };
		3D19ECAB2496AD2A007AC30C /* WeatherInfo.swift */ = {isa = PBXFileReference; lastKnownFileType = sourcecode.swift; path = WeatherInfo.swift; sourceTree = "<group>"; };
		3D53D440249172B400B8BB9B /* LocationManager.swift */ = {isa = PBXFileReference; lastKnownFileType = sourcecode.swift; path = LocationManager.swift; sourceTree = "<group>"; };
		3DD4C6992497F07500619703 /* WeatherCardView.swift */ = {isa = PBXFileReference; lastKnownFileType = sourcecode.swift; path = WeatherCardView.swift; sourceTree = "<group>"; };
		3DF5CE532492C1E200482039 /* ViewModel.swift */ = {isa = PBXFileReference; lastKnownFileType = sourcecode.swift; path = ViewModel.swift; sourceTree = "<group>"; };
		3DF5CE552493F26900482039 /* loading.json */ = {isa = PBXFileReference; fileEncoding = 4; lastKnownFileType = text.json; path = loading.json; sourceTree = "<group>"; };
/* End PBXFileReference section */

/* Begin PBXFrameworksBuildPhase section */
		3D177236249019FC00D749E6 /* Frameworks */ = {
			isa = PBXFrameworksBuildPhase;
			buildActionMask = 2147483647;
			files = (
			);
			runOnlyForDeploymentPostprocessing = 0;
		};
/* End PBXFrameworksBuildPhase section */

/* Begin PBXGroup section */
		3D177230249019FC00D749E6 = {
			isa = PBXGroup;
			children = (
				3D17723B249019FC00D749E6 /* ShortsReport */,
				3D17723A249019FC00D749E6 /* Products */,
			);
			sourceTree = "<group>";
		};
		3D17723A249019FC00D749E6 /* Products */ = {
			isa = PBXGroup;
			children = (
				3D177239249019FC00D749E6 /* ShortsReport.app */,
			);
			name = Products;
			sourceTree = "<group>";
		};
		3D17723B249019FC00D749E6 /* ShortsReport */ = {
			isa = PBXGroup;
			children = (
				3D17725024901A1A00D749E6 /* Views */,
				3D17725224901A2B00D749E6 /* Model */,
				3D17725124901A2600D749E6 /* Managers */,
				3D17725324901A3100D749E6 /* Support */,
				3D17723C249019FC00D749E6 /* AppDelegate.swift */,
				3D17723E249019FC00D749E6 /* SceneDelegate.swift */,
				3D177242249019FE00D749E6 /* Assets.xcassets */,
				3D177247249019FE00D749E6 /* LaunchScreen.storyboard */,
				3DF5CE552493F26900482039 /* loading.json */,
				3D17724A249019FE00D749E6 /* Info.plist */,
				3D177244249019FE00D749E6 /* Preview Content */,
			);
			path = ShortsReport;
			sourceTree = "<group>";
		};
		3D177244249019FE00D749E6 /* Preview Content */ = {
			isa = PBXGroup;
			children = (
				3D177245249019FE00D749E6 /* Preview Assets.xcassets */,
			);
			path = "Preview Content";
			sourceTree = "<group>";
		};
		3D17725024901A1A00D749E6 /* Views */ = {
			isa = PBXGroup;
			children = (
				3D177240249019FC00D749E6 /* ContentView.swift */,
				3DD4C6992497F07500619703 /* WeatherCardView.swift */,
			);
			path = Views;
			sourceTree = "<group>";
		};
		3D17725124901A2600D749E6 /* Managers */ = {
			isa = PBXGroup;
			children = (
				3D17725624901ACC00D749E6 /* NetworkManager.swift */,
				3D53D440249172B400B8BB9B /* LocationManager.swift */,
			);
			path = Managers;
			sourceTree = "<group>";
		};
		3D17725224901A2B00D749E6 /* Model */ = {
			isa = PBXGroup;
			children = (
				3DF5CE532492C1E200482039 /* ViewModel.swift */,
				3D19ECAB2496AD2A007AC30C /* WeatherInfo.swift */,
			);
			path = Model;
			sourceTree = "<group>";
		};
		3D17725324901A3100D749E6 /* Support */ = {
			isa = PBXGroup;
			children = (
				3D17725424901A4300D749E6 /* Constants.swift */,
			);
			path = Support;
			sourceTree = "<group>";
		};
/* End PBXGroup section */

/* Begin PBXNativeTarget section */
		3D177238249019FC00D749E6 /* ShortsReport */ = {
			isa = PBXNativeTarget;
			buildConfigurationList = 3D17724D249019FE00D749E6 /* Build configuration list for PBXNativeTarget "ShortsReport" */;
			buildPhases = (
				3D177235249019FC00D749E6 /* Sources */,
				3D177236249019FC00D749E6 /* Frameworks */,
				3D177237249019FC00D749E6 /* Resources */,
			);
			buildRules = (
			);
			dependencies = (
			);
			name = ShortsReport;
			productName = ShortsReport;
			productReference = 3D177239249019FC00D749E6 /* ShortsReport.app */;
			productType = "com.apple.product-type.application";
		};
/* End PBXNativeTarget section */

/* Begin PBXProject section */
		3D177231249019FC00D749E6 /* Project object */ = {
			isa = PBXProject;
			attributes = {
				LastSwiftUpdateCheck = 1150;
				LastUpgradeCheck = 1150;
				ORGANIZATIONNAME = "Aidan Pendlebury";
				TargetAttributes = {
					3D177238249019FC00D749E6 = {
						CreatedOnToolsVersion = 11.5;
					};
				};
			};
			buildConfigurationList = 3D177234249019FC00D749E6 /* Build configuration list for PBXProject "ShortsReport" */;
			compatibilityVersion = "Xcode 9.3";
			developmentRegion = en;
			hasScannedForEncodings = 0;
			knownRegions = (
				en,
				Base,
			);
			mainGroup = 3D177230249019FC00D749E6;
			productRefGroup = 3D17723A249019FC00D749E6 /* Products */;
			projectDirPath = "";
			projectRoot = "";
			targets = (
				3D177238249019FC00D749E6 /* ShortsReport */,
			);
		};
/* End PBXProject section */

/* Begin PBXResourcesBuildPhase section */
		3D177237249019FC00D749E6 /* Resources */ = {
			isa = PBXResourcesBuildPhase;
			buildActionMask = 2147483647;
			files = (
				3D177249249019FE00D749E6 /* LaunchScreen.storyboard in Resources */,
				3D177246249019FE00D749E6 /* Preview Assets.xcassets in Resources */,
				3DF5CE562493F26900482039 /* loading.json in Resources */,
				3D177243249019FE00D749E6 /* Assets.xcassets in Resources */,
			);
			runOnlyForDeploymentPostprocessing = 0;
		};
/* End PBXResourcesBuildPhase section */

/* Begin PBXSourcesBuildPhase section */
		3D177235249019FC00D749E6 /* Sources */ = {
			isa = PBXSourcesBuildPhase;
			buildActionMask = 2147483647;
			files = (
				3D17723D249019FC00D749E6 /* AppDelegate.swift in Sources */,
				3D17723F249019FC00D749E6 /* SceneDelegate.swift in Sources */,
				3D19ECAC2496AD2A007AC30C /* WeatherInfo.swift in Sources */,
				3D53D441249172B400B8BB9B /* LocationManager.swift in Sources */,
				3D17725724901ACC00D749E6 /* NetworkManager.swift in Sources */,
				3D177241249019FC00D749E6 /* ContentView.swift in Sources */,
				3D17725524901A4300D749E6 /* Constants.swift in Sources */,
				3DD4C69A2497F07500619703 /* WeatherCardView.swift in Sources */,
				3DF5CE542492C1E200482039 /* ViewModel.swift in Sources */,
			);
			runOnlyForDeploymentPostprocessing = 0;
		};
/* End PBXSourcesBuildPhase section */

/* Begin PBXVariantGroup section */
		3D177247249019FE00D749E6 /* LaunchScreen.storyboard */ = {
			isa = PBXVariantGroup;
			children = (
				3D177248249019FE00D749E6 /* Base */,
			);
			name = LaunchScreen.storyboard;
			sourceTree = "<group>";
		};
/* End PBXVariantGroup section */

/* Begin XCBuildConfiguration section */
		3D17724B249019FE00D749E6 /* Debug */ = {
			isa = XCBuildConfiguration;
			buildSettings = {
				ALWAYS_SEARCH_USER_PATHS = NO;
				CLANG_ANALYZER_NONNULL = YES;
				CLANG_ANALYZER_NUMBER_OBJECT_CONVERSION = YES_AGGRESSIVE;
				CLANG_CXX_LANGUAGE_STANDARD = "gnu++14";
				CLANG_CXX_LIBRARY = "libc++";
				CLANG_ENABLE_MODULES = YES;
				CLANG_ENABLE_OBJC_ARC = YES;
				CLANG_ENABLE_OBJC_WEAK = YES;
				CLANG_WARN_BLOCK_CAPTURE_AUTORELEASING = YES;
				CLANG_WARN_BOOL_CONVERSION = YES;
				CLANG_WARN_COMMA = YES;
				CLANG_WARN_CONSTANT_CONVERSION = YES;
				CLANG_WARN_DEPRECATED_OBJC_IMPLEMENTATIONS = YES;
				CLANG_WARN_DIRECT_OBJC_ISA_USAGE = YES_ERROR;
				CLANG_WARN_DOCUMENTATION_COMMENTS = YES;
				CLANG_WARN_EMPTY_BODY = YES;
				CLANG_WARN_ENUM_CONVERSION = YES;
				CLANG_WARN_INFINITE_RECURSION = YES;
				CLANG_WARN_INT_CONVERSION = YES;
				CLANG_WARN_NON_LITERAL_NULL_CONVERSION = YES;
				CLANG_WARN_OBJC_IMPLICIT_RETAIN_SELF = YES;
				CLANG_WARN_OBJC_LITERAL_CONVERSION = YES;
				CLANG_WARN_OBJC_ROOT_CLASS = YES_ERROR;
				CLANG_WARN_RANGE_LOOP_ANALYSIS = YES;
				CLANG_WARN_STRICT_PROTOTYPES = YES;
				CLANG_WARN_SUSPICIOUS_MOVE = YES;
				CLANG_WARN_UNGUARDED_AVAILABILITY = YES_AGGRESSIVE;
				CLANG_WARN_UNREACHABLE_CODE = YES;
				CLANG_WARN__DUPLICATE_METHOD_MATCH = YES;
				COPY_PHASE_STRIP = NO;
				DEBUG_INFORMATION_FORMAT = dwarf;
				ENABLE_STRICT_OBJC_MSGSEND = YES;
				ENABLE_TESTABILITY = YES;
				GCC_C_LANGUAGE_STANDARD = gnu11;
				GCC_DYNAMIC_NO_PIC = NO;
				GCC_NO_COMMON_BLOCKS = YES;
				GCC_OPTIMIZATION_LEVEL = 0;
				GCC_PREPROCESSOR_DEFINITIONS = (
					"DEBUG=1",
					"$(inherited)",
				);
				GCC_WARN_64_TO_32_BIT_CONVERSION = YES;
				GCC_WARN_ABOUT_RETURN_TYPE = YES_ERROR;
				GCC_WARN_UNDECLARED_SELECTOR = YES;
				GCC_WARN_UNINITIALIZED_AUTOS = YES_AGGRESSIVE;
				GCC_WARN_UNUSED_FUNCTION = YES;
				GCC_WARN_UNUSED_VARIABLE = YES;
				IPHONEOS_DEPLOYMENT_TARGET = 13.5;
				MTL_ENABLE_DEBUG_INFO = INCLUDE_SOURCE;
				MTL_FAST_MATH = YES;
				ONLY_ACTIVE_ARCH = YES;
				SDKROOT = iphoneos;
				SWIFT_ACTIVE_COMPILATION_CONDITIONS = DEBUG;
				SWIFT_OPTIMIZATION_LEVEL = "-Onone";
			};
			name = Debug;
		};
		3D17724C249019FE00D749E6 /* Release */ = {
			isa = XCBuildConfiguration;
			buildSettings = {
				ALWAYS_SEARCH_USER_PATHS = NO;
				CLANG_ANALYZER_NONNULL = YES;
				CLANG_ANALYZER_NUMBER_OBJECT_CONVERSION = YES_AGGRESSIVE;
				CLANG_CXX_LANGUAGE_STANDARD = "gnu++14";
				CLANG_CXX_LIBRARY = "libc++";
				CLANG_ENABLE_MODULES = YES;
				CLANG_ENABLE_OBJC_ARC = YES;
				CLANG_ENABLE_OBJC_WEAK = YES;
				CLANG_WARN_BLOCK_CAPTURE_AUTORELEASING = YES;
				CLANG_WARN_BOOL_CONVERSION = YES;
				CLANG_WARN_COMMA = YES;
				CLANG_WARN_CONSTANT_CONVERSION = YES;
				CLANG_WARN_DEPRECATED_OBJC_IMPLEMENTATIONS = YES;
				CLANG_WARN_DIRECT_OBJC_ISA_USAGE = YES_ERROR;
				CLANG_WARN_DOCUMENTATION_COMMENTS = YES;
				CLANG_WARN_EMPTY_BODY = YES;
				CLANG_WARN_ENUM_CONVERSION = YES;
				CLANG_WARN_INFINITE_RECURSION = YES;
				CLANG_WARN_INT_CONVERSION = YES;
				CLANG_WARN_NON_LITERAL_NULL_CONVERSION = YES;
				CLANG_WARN_OBJC_IMPLICIT_RETAIN_SELF = YES;
				CLANG_WARN_OBJC_LITERAL_CONVERSION = YES;
				CLANG_WARN_OBJC_ROOT_CLASS = YES_ERROR;
				CLANG_WARN_RANGE_LOOP_ANALYSIS = YES;
				CLANG_WARN_STRICT_PROTOTYPES = YES;
				CLANG_WARN_SUSPICIOUS_MOVE = YES;
				CLANG_WARN_UNGUARDED_AVAILABILITY = YES_AGGRESSIVE;
				CLANG_WARN_UNREACHABLE_CODE = YES;
				CLANG_WARN__DUPLICATE_METHOD_MATCH = YES;
				COPY_PHASE_STRIP = NO;
				DEBUG_INFORMATION_FORMAT = "dwarf-with-dsym";
				ENABLE_NS_ASSERTIONS = NO;
				ENABLE_STRICT_OBJC_MSGSEND = YES;
				GCC_C_LANGUAGE_STANDARD = gnu11;
				GCC_NO_COMMON_BLOCKS = YES;
				GCC_WARN_64_TO_32_BIT_CONVERSION = YES;
				GCC_WARN_ABOUT_RETURN_TYPE = YES_ERROR;
				GCC_WARN_UNDECLARED_SELECTOR = YES;
				GCC_WARN_UNINITIALIZED_AUTOS = YES_AGGRESSIVE;
				GCC_WARN_UNUSED_FUNCTION = YES;
				GCC_WARN_UNUSED_VARIABLE = YES;
				IPHONEOS_DEPLOYMENT_TARGET = 13.5;
				MTL_ENABLE_DEBUG_INFO = NO;
				MTL_FAST_MATH = YES;
				SDKROOT = iphoneos;
				SWIFT_COMPILATION_MODE = wholemodule;
				SWIFT_OPTIMIZATION_LEVEL = "-O";
				VALIDATE_PRODUCT = YES;
			};
			name = Release;
		};
		3D17724E249019FE00D749E6 /* Debug */ = {
			isa = XCBuildConfiguration;
			buildSettings = {
				ASSETCATALOG_COMPILER_APPICON_NAME = AppIcon;
				CODE_SIGN_STYLE = Automatic;
				DEVELOPMENT_ASSET_PATHS = "\"ShortsReport/Preview Content\"";
				DEVELOPMENT_TEAM = 9RHBZ7GZXD;
				ENABLE_PREVIEWS = YES;
				INFOPLIST_FILE = ShortsReport/Info.plist;
				LD_RUNPATH_SEARCH_PATHS = (
					"$(inherited)",
					"@executable_path/Frameworks",
				);
				PRODUCT_BUNDLE_IDENTIFIER = com.aidanpendlebury.ShortsReport;
				PRODUCT_NAME = "$(TARGET_NAME)";
				SWIFT_VERSION = 5.0;
				TARGETED_DEVICE_FAMILY = "1,2";
			};
			name = Debug;
		};
		3D17724F249019FE00D749E6 /* Release */ = {
			isa = XCBuildConfiguration;
			buildSettings = {
				ASSETCATALOG_COMPILER_APPICON_NAME = AppIcon;
				CODE_SIGN_STYLE = Automatic;
				DEVELOPMENT_ASSET_PATHS = "\"ShortsReport/Preview Content\"";
				DEVELOPMENT_TEAM = 9RHBZ7GZXD;
				ENABLE_PREVIEWS = YES;
				INFOPLIST_FILE = ShortsReport/Info.plist;
				LD_RUNPATH_SEARCH_PATHS = (
					"$(inherited)",
					"@executable_path/Frameworks",
				);
				PRODUCT_BUNDLE_IDENTIFIER = com.aidanpendlebury.ShortsReport;
				PRODUCT_NAME = "$(TARGET_NAME)";
				SWIFT_VERSION = 5.0;
				TARGETED_DEVICE_FAMILY = "1,2";
			};
			name = Release;
		};
/* End XCBuildConfiguration section */

/* Begin XCConfigurationList section */
		3D177234249019FC00D749E6 /* Build configuration list for PBXProject "ShortsReport" */ = {
			isa = XCConfigurationList;
			buildConfigurations = (
				3D17724B249019FE00D749E6 /* Debug */,
				3D17724C249019FE00D749E6 /* Release */,
			);
			defaultConfigurationIsVisible = 0;
			defaultConfigurationName = Release;
		};
		3D17724D249019FE00D749E6 /* Build configuration list for PBXNativeTarget "ShortsReport" */ = {
			isa = XCConfigurationList;
			buildConfigurations = (
				3D17724E249019FE00D749E6 /* Debug */,
				3D17724F249019FE00D749E6 /* Release */,
			);
			defaultConfigurationIsVisible = 0;
			defaultConfigurationName = Release;
		};
/* End XCConfigurationList section */
	};
	rootObject = 3D177231249019FC00D749E6 /* Project object */;
}
